github.com/gorilla/mux v1.8.0 h1:i40aqfkR1h2SlN9hojwV5ZA91wcXFOvkdNIeFDP5koI=
github.com/gorilla/mux v1.8.0/go.mod h1:DVbg23sWSpFRCP0SfiEN6jmj59UnW/n46BH5rLB71So=
github.com/koron/go-dproxy v1.3.0 h1:wE0gxsw1NJnbkk5czp3/xUtwgTeLP8p/YaSjdUOmI7k=
github.com/koron/go-dproxy v1.3.0/go.mod h1:M+lZRjGA7zf1CdgBWoL8HH1lKb6jlgR4qnX3hxRdQHs=
